// !$*UTF8*$!
{
	archiveVersion = 1;
	classes = {
	};
	objectVersion = 48;
	objects = {

/* Begin PBXBuildFile section */
		624FB15DB7EB3B1B0FD0CCDD /* Pods_AutomotiveScanToolTests.framework in Frameworks */ = {isa = PBXBuildFile; fileRef = 2A646871F6ACECD0127A0221 /* Pods_AutomotiveScanToolTests.framework */; };
		720D8E4C1F9FE10100DAF53E /* GoogleService-Info.plist in Resources */ = {isa = PBXBuildFile; fileRef = 720D8E4B1F9FE10100DAF53E /* GoogleService-Info.plist */; };
		725D2D7E1FBA4F6500B21143 /* CustomSegue.swift in Sources */ = {isa = PBXBuildFile; fileRef = 725D2D7D1FBA4F6500B21143 /* CustomSegue.swift */; };
		727770CB1F9FD7E9004F2241 /* Main.storyboard in Resources */ = {isa = PBXBuildFile; fileRef = 727770C91F9FD7E9004F2241 /* Main.storyboard */; };
		727770CD1F9FD7E9004F2241 /* Assets.xcassets in Resources */ = {isa = PBXBuildFile; fileRef = 727770CC1F9FD7E9004F2241 /* Assets.xcassets */; };
		727770D01F9FD7E9004F2241 /* LaunchScreen.storyboard in Resources */ = {isa = PBXBuildFile; fileRef = 727770CE1F9FD7E9004F2241 /* LaunchScreen.storyboard */; };
		727770DB1F9FD7E9004F2241 /* AutomotiveScanToolTests.swift in Sources */ = {isa = PBXBuildFile; fileRef = 727770DA1F9FD7E9004F2241 /* AutomotiveScanToolTests.swift */; };
		727770E61F9FD7E9004F2241 /* AutomotiveScanToolUITests.swift in Sources */ = {isa = PBXBuildFile; fileRef = 727770E51F9FD7E9004F2241 /* AutomotiveScanToolUITests.swift */; };
		727770FA1F9FD882004F2241 /* UIViewExtension.swift in Sources */ = {isa = PBXBuildFile; fileRef = 727770F31F9FD880004F2241 /* UIViewExtension.swift */; };
		727770FB1F9FD882004F2241 /* VinRequest.swift in Sources */ = {isa = PBXBuildFile; fileRef = 727770F41F9FD881004F2241 /* VinRequest.swift */; };
		727770FC1F9FD882004F2241 /* DeviceViewController.swift in Sources */ = {isa = PBXBuildFile; fileRef = 727770F51F9FD881004F2241 /* DeviceViewController.swift */; };
		727770FD1F9FD882004F2241 /* VInfoViewController.swift in Sources */ = {isa = PBXBuildFile; fileRef = 727770F61F9FD881004F2241 /* VInfoViewController.swift */; };
		727771001F9FD882004F2241 /* LoginViewController.swift in Sources */ = {isa = PBXBuildFile; fileRef = 727770F91F9FD882004F2241 /* LoginViewController.swift */; };
		72926AC41F9FDA1600A8BCA5 /* ParticleSDK.framework in Frameworks */ = {isa = PBXBuildFile; fileRef = 72926AC31F9FDA1600A8BCA5 /* ParticleSDK.framework */; };
		72926AC81F9FDA1E00A8BCA5 /* AFNetworking.framework in Frameworks */ = {isa = PBXBuildFile; fileRef = 72926AC71F9FDA1D00A8BCA5 /* AFNetworking.framework */; };
		729E0D371FB1310C00BA4CCE /* LoadingHud.swift in Sources */ = {isa = PBXBuildFile; fileRef = 729E0D361FB1310C00BA4CCE /* LoadingHud.swift */; };
		729E0D391FB1319100BA4CCE /* ParticleUtils.swift in Sources */ = {isa = PBXBuildFile; fileRef = 729E0D381FB1319100BA4CCE /* ParticleUtils.swift */; };
		729E64C51FBB3EAC00246B0C /* Particle-Logo.png in Resources */ = {isa = PBXBuildFile; fileRef = 729E64C11FBB3EAB00246B0C /* Particle-Logo.png */; };
		729E64C61FBB3EAC00246B0C /* AST Logo.png in Resources */ = {isa = PBXBuildFile; fileRef = 729E64C21FBB3EAB00246B0C /* AST Logo.png */; };
		729E64C71FBB3EAC00246B0C /* kia-optima.jpg in Resources */ = {isa = PBXBuildFile; fileRef = 729E64C31FBB3EAC00246B0C /* kia-optima.jpg */; };
		729E64C81FBB3EAC00246B0C /* chevy-suburban.png in Resources */ = {isa = PBXBuildFile; fileRef = 729E64C41FBB3EAC00246B0C /* chevy-suburban.png */; };
		72BFF88A1FBCEF7A008A0265 /* RCViewController.swift in Sources */ = {isa = PBXBuildFile; fileRef = 72BFF8891FBCEF7A008A0265 /* RCViewController.swift */; };
		72C09E4E1FC0B65F003BD0A0 /* ASTInfo.swift in Sources */ = {isa = PBXBuildFile; fileRef = 72C09E4D1FC0B65F003BD0A0 /* ASTInfo.swift */; };
		72E71BFB1FBCA44A00BEBA9D /* CodeHistoryViewController.swift in Sources */ = {isa = PBXBuildFile; fileRef = 72E71BFA1FBCA44A00BEBA9D /* CodeHistoryViewController.swift */; };
		72FC571C1FB4166C0005FD04 /* DeviceTableViewCell.swift in Sources */ = {isa = PBXBuildFile; fileRef = 72FC571B1FB4166C0005FD04 /* DeviceTableViewCell.swift */; };
		A5D6DE94631699D1FC8C8EE9 /* Pods_AutomotiveScanTool.framework in Frameworks */ = {isa = PBXBuildFile; fileRef = 51E8240C1EA87ED660AAE625 /* Pods_AutomotiveScanTool.framework */; };
		E1E991B8B53FB1AB24BE0217 /* Pods_AutomotiveScanToolUITests.framework in Frameworks */ = {isa = PBXBuildFile; fileRef = DE30ED95563C507B274AD8A1 /* Pods_AutomotiveScanToolUITests.framework */; };
		F83EDAD21FBCB0980045079D /* ReadCodesViewController.swift in Sources */ = {isa = PBXBuildFile; fileRef = F83EDAD11FBCB0980045079D /* ReadCodesViewController.swift */; };
		F83EDAD61FBE2DAD0045079D /* CodesTableViewCell.swift in Sources */ = {isa = PBXBuildFile; fileRef = F83EDAD51FBE2DAD0045079D /* CodesTableViewCell.swift */; };
		F842895D1FCE2D4B00048737 /* StatusCell.swift in Sources */ = {isa = PBXBuildFile; fileRef = F842895C1FCE2D4B00048737 /* StatusCell.swift */; };
		F853197C1FA7A6440065B2EC /* AppDelegate.swift in Sources */ = {isa = PBXBuildFile; fileRef = F853197B1FA7A6440065B2EC /* AppDelegate.swift */; };
		F853197E1FA7A6550065B2EC /* MainMenuViewController.swift in Sources */ = {isa = PBXBuildFile; fileRef = F853197D1FA7A6550065B2EC /* MainMenuViewController.swift */; };
/* End PBXBuildFile section */

/* Begin PBXContainerItemProxy section */
		727770D71F9FD7E9004F2241 /* PBXContainerItemProxy */ = {
			isa = PBXContainerItemProxy;
			containerPortal = 727770BA1F9FD7E9004F2241 /* Project object */;
			proxyType = 1;
			remoteGlobalIDString = 727770C11F9FD7E9004F2241;
			remoteInfo = AutomotiveScanTool;
		};
		727770E21F9FD7E9004F2241 /* PBXContainerItemProxy */ = {
			isa = PBXContainerItemProxy;
			containerPortal = 727770BA1F9FD7E9004F2241 /* Project object */;
			proxyType = 1;
			remoteGlobalIDString = 727770C11F9FD7E9004F2241;
			remoteInfo = AutomotiveScanTool;
		};
/* End PBXContainerItemProxy section */

/* Begin PBXFileReference section */
		154A6774E45C17166EA59671 /* Pods-AutomotiveScanToolUITests.release.xcconfig */ = {isa = PBXFileReference; includeInIndex = 1; lastKnownFileType = text.xcconfig; name = "Pods-AutomotiveScanToolUITests.release.xcconfig"; path = "Pods/Target Support Files/Pods-AutomotiveScanToolUITests/Pods-AutomotiveScanToolUITests.release.xcconfig"; sourceTree = "<group>"; };
		2A646871F6ACECD0127A0221 /* Pods_AutomotiveScanToolTests.framework */ = {isa = PBXFileReference; explicitFileType = wrapper.framework; includeInIndex = 0; path = Pods_AutomotiveScanToolTests.framework; sourceTree = BUILT_PRODUCTS_DIR; };
		339CFCDB618861FB2FCFDCEB /* Pods-AutomotiveScanTool.debug.xcconfig */ = {isa = PBXFileReference; includeInIndex = 1; lastKnownFileType = text.xcconfig; name = "Pods-AutomotiveScanTool.debug.xcconfig"; path = "Pods/Target Support Files/Pods-AutomotiveScanTool/Pods-AutomotiveScanTool.debug.xcconfig"; sourceTree = "<group>"; };
		51E8240C1EA87ED660AAE625 /* Pods_AutomotiveScanTool.framework */ = {isa = PBXFileReference; explicitFileType = wrapper.framework; includeInIndex = 0; path = Pods_AutomotiveScanTool.framework; sourceTree = BUILT_PRODUCTS_DIR; };
		720D8E4B1F9FE10100DAF53E /* GoogleService-Info.plist */ = {isa = PBXFileReference; fileEncoding = 4; lastKnownFileType = text.plist.xml; path = "GoogleService-Info.plist"; sourceTree = "<group>"; };
		725D2D7D1FBA4F6500B21143 /* CustomSegue.swift */ = {isa = PBXFileReference; lastKnownFileType = sourcecode.swift; path = CustomSegue.swift; sourceTree = "<group>"; };
		727770C21F9FD7E9004F2241 /* AutomotiveScanTool.app */ = {isa = PBXFileReference; explicitFileType = wrapper.application; includeInIndex = 0; path = AutomotiveScanTool.app; sourceTree = BUILT_PRODUCTS_DIR; };
		727770CA1F9FD7E9004F2241 /* Base */ = {isa = PBXFileReference; lastKnownFileType = file.storyboard; name = Base; path = Base.lproj/Main.storyboard; sourceTree = "<group>"; };
		727770CC1F9FD7E9004F2241 /* Assets.xcassets */ = {isa = PBXFileReference; lastKnownFileType = folder.assetcatalog; path = Assets.xcassets; sourceTree = "<group>"; };
		727770CF1F9FD7E9004F2241 /* Base */ = {isa = PBXFileReference; lastKnownFileType = file.storyboard; name = Base; path = Base.lproj/LaunchScreen.storyboard; sourceTree = "<group>"; };
		727770D11F9FD7E9004F2241 /* Info.plist */ = {isa = PBXFileReference; lastKnownFileType = text.plist.xml; path = Info.plist; sourceTree = "<group>"; };
		727770D61F9FD7E9004F2241 /* AutomotiveScanToolTests.xctest */ = {isa = PBXFileReference; explicitFileType = wrapper.cfbundle; includeInIndex = 0; path = AutomotiveScanToolTests.xctest; sourceTree = BUILT_PRODUCTS_DIR; };
		727770DA1F9FD7E9004F2241 /* AutomotiveScanToolTests.swift */ = {isa = PBXFileReference; lastKnownFileType = sourcecode.swift; path = AutomotiveScanToolTests.swift; sourceTree = "<group>"; };
		727770DC1F9FD7E9004F2241 /* Info.plist */ = {isa = PBXFileReference; lastKnownFileType = text.plist.xml; path = Info.plist; sourceTree = "<group>"; };
		727770E11F9FD7E9004F2241 /* AutomotiveScanToolUITests.xctest */ = {isa = PBXFileReference; explicitFileType = wrapper.cfbundle; includeInIndex = 0; path = AutomotiveScanToolUITests.xctest; sourceTree = BUILT_PRODUCTS_DIR; };
		727770E51F9FD7E9004F2241 /* AutomotiveScanToolUITests.swift */ = {isa = PBXFileReference; lastKnownFileType = sourcecode.swift; path = AutomotiveScanToolUITests.swift; sourceTree = "<group>"; };
		727770E71F9FD7E9004F2241 /* Info.plist */ = {isa = PBXFileReference; lastKnownFileType = text.plist.xml; path = Info.plist; sourceTree = "<group>"; };
		727770F31F9FD880004F2241 /* UIViewExtension.swift */ = {isa = PBXFileReference; lastKnownFileType = sourcecode.swift; path = UIViewExtension.swift; sourceTree = "<group>"; };
		727770F41F9FD881004F2241 /* VinRequest.swift */ = {isa = PBXFileReference; lastKnownFileType = sourcecode.swift; path = VinRequest.swift; sourceTree = "<group>"; };
		727770F51F9FD881004F2241 /* DeviceViewController.swift */ = {isa = PBXFileReference; lastKnownFileType = sourcecode.swift; path = DeviceViewController.swift; sourceTree = "<group>"; };
		727770F61F9FD881004F2241 /* VInfoViewController.swift */ = {isa = PBXFileReference; lastKnownFileType = sourcecode.swift; path = VInfoViewController.swift; sourceTree = "<group>"; };
		727770F91F9FD882004F2241 /* LoginViewController.swift */ = {isa = PBXFileReference; lastKnownFileType = sourcecode.swift; path = LoginViewController.swift; sourceTree = "<group>"; };
		72926AC31F9FDA1600A8BCA5 /* ParticleSDK.framework */ = {isa = PBXFileReference; lastKnownFileType = wrapper.framework; name = ParticleSDK.framework; path = Carthage/Build/iOS/ParticleSDK.framework; sourceTree = "<group>"; };
		72926AC71F9FDA1D00A8BCA5 /* AFNetworking.framework */ = {isa = PBXFileReference; lastKnownFileType = wrapper.framework; name = AFNetworking.framework; path = Carthage/Build/iOS/AFNetworking.framework; sourceTree = "<group>"; };
		72926ACB1F9FDA5E00A8BCA5 /* ParticleSDK.framework.dSYM */ = {isa = PBXFileReference; lastKnownFileType = wrapper.dsym; name = ParticleSDK.framework.dSYM; path = Carthage/Build/iOS/ParticleSDK.framework.dSYM; sourceTree = "<group>"; };
		72926ACD1F9FDA6600A8BCA5 /* AFNetworking.framework.dSYM */ = {isa = PBXFileReference; lastKnownFileType = wrapper.dsym; name = AFNetworking.framework.dSYM; path = Carthage/Build/iOS/AFNetworking.framework.dSYM; sourceTree = "<group>"; };
		729E0D361FB1310C00BA4CCE /* LoadingHud.swift */ = {isa = PBXFileReference; lastKnownFileType = sourcecode.swift; path = LoadingHud.swift; sourceTree = "<group>"; };
		729E0D381FB1319100BA4CCE /* ParticleUtils.swift */ = {isa = PBXFileReference; lastKnownFileType = sourcecode.swift; path = ParticleUtils.swift; sourceTree = "<group>"; };
		729E64C11FBB3EAB00246B0C /* Particle-Logo.png */ = {isa = PBXFileReference; lastKnownFileType = image.png; name = "Particle-Logo.png"; path = "img/Particle-Logo.png"; sourceTree = "<group>"; };
		729E64C21FBB3EAB00246B0C /* AST Logo.png */ = {isa = PBXFileReference; lastKnownFileType = image.png; name = "AST Logo.png"; path = "img/AST Logo.png"; sourceTree = "<group>"; };
		729E64C31FBB3EAC00246B0C /* kia-optima.jpg */ = {isa = PBXFileReference; lastKnownFileType = image.jpeg; name = "kia-optima.jpg"; path = "img/kia-optima.jpg"; sourceTree = "<group>"; };
		729E64C41FBB3EAC00246B0C /* chevy-suburban.png */ = {isa = PBXFileReference; lastKnownFileType = image.png; name = "chevy-suburban.png"; path = "img/chevy-suburban.png"; sourceTree = "<group>"; };
		72BFF8891FBCEF7A008A0265 /* RCViewController.swift */ = {isa = PBXFileReference; lastKnownFileType = sourcecode.swift; path = RCViewController.swift; sourceTree = "<group>"; };
		72C09E4D1FC0B65F003BD0A0 /* ASTInfo.swift */ = {isa = PBXFileReference; lastKnownFileType = sourcecode.swift; path = ASTInfo.swift; sourceTree = "<group>"; };
		72E71BFA1FBCA44A00BEBA9D /* CodeHistoryViewController.swift */ = {isa = PBXFileReference; lastKnownFileType = sourcecode.swift; path = CodeHistoryViewController.swift; sourceTree = "<group>"; };
		72FC571B1FB4166C0005FD04 /* DeviceTableViewCell.swift */ = {isa = PBXFileReference; lastKnownFileType = sourcecode.swift; path = DeviceTableViewCell.swift; sourceTree = "<group>"; };
		A07F900895DE522BA641694B /* Pods-AutomotiveScanToolTests.release.xcconfig */ = {isa = PBXFileReference; includeInIndex = 1; lastKnownFileType = text.xcconfig; name = "Pods-AutomotiveScanToolTests.release.xcconfig"; path = "Pods/Target Support Files/Pods-AutomotiveScanToolTests/Pods-AutomotiveScanToolTests.release.xcconfig"; sourceTree = "<group>"; };
		C692D2A5BAEA437E271D551C /* Pods-AutomotiveScanTool.release.xcconfig */ = {isa = PBXFileReference; includeInIndex = 1; lastKnownFileType = text.xcconfig; name = "Pods-AutomotiveScanTool.release.xcconfig"; path = "Pods/Target Support Files/Pods-AutomotiveScanTool/Pods-AutomotiveScanTool.release.xcconfig"; sourceTree = "<group>"; };
		DE30ED95563C507B274AD8A1 /* Pods_AutomotiveScanToolUITests.framework */ = {isa = PBXFileReference; explicitFileType = wrapper.framework; includeInIndex = 0; path = Pods_AutomotiveScanToolUITests.framework; sourceTree = BUILT_PRODUCTS_DIR; };
		E2BF0CC7F765CD4BE42C2738 /* Pods-AutomotiveScanToolTests.debug.xcconfig */ = {isa = PBXFileReference; includeInIndex = 1; lastKnownFileType = text.xcconfig; name = "Pods-AutomotiveScanToolTests.debug.xcconfig"; path = "Pods/Target Support Files/Pods-AutomotiveScanToolTests/Pods-AutomotiveScanToolTests.debug.xcconfig"; sourceTree = "<group>"; };
		E8DD77C21B8B553607C2FA81 /* Pods-AutomotiveScanToolUITests.debug.xcconfig */ = {isa = PBXFileReference; includeInIndex = 1; lastKnownFileType = text.xcconfig; name = "Pods-AutomotiveScanToolUITests.debug.xcconfig"; path = "Pods/Target Support Files/Pods-AutomotiveScanToolUITests/Pods-AutomotiveScanToolUITests.debug.xcconfig"; sourceTree = "<group>"; };
		F83EDAD11FBCB0980045079D /* ReadCodesViewController.swift */ = {isa = PBXFileReference; lastKnownFileType = sourcecode.swift; path = ReadCodesViewController.swift; sourceTree = "<group>"; };
		F83EDAD51FBE2DAD0045079D /* CodesTableViewCell.swift */ = {isa = PBXFileReference; lastKnownFileType = sourcecode.swift; path = CodesTableViewCell.swift; sourceTree = "<group>"; };
		F842895C1FCE2D4B00048737 /* StatusCell.swift */ = {isa = PBXFileReference; lastKnownFileType = sourcecode.swift; path = StatusCell.swift; sourceTree = "<group>"; };
		F853197B1FA7A6440065B2EC /* AppDelegate.swift */ = {isa = PBXFileReference; fileEncoding = 4; lastKnownFileType = sourcecode.swift; path = AppDelegate.swift; sourceTree = "<group>"; };
		F853197D1FA7A6550065B2EC /* MainMenuViewController.swift */ = {isa = PBXFileReference; fileEncoding = 4; lastKnownFileType = sourcecode.swift; path = MainMenuViewController.swift; sourceTree = "<group>"; };
/* End PBXFileReference section */

/* Begin PBXFrameworksBuildPhase section */
		727770BF1F9FD7E9004F2241 /* Frameworks */ = {
			isa = PBXFrameworksBuildPhase;
			buildActionMask = 2147483647;
			files = (
				A5D6DE94631699D1FC8C8EE9 /* Pods_AutomotiveScanTool.framework in Frameworks */,
				72926AC81F9FDA1E00A8BCA5 /* AFNetworking.framework in Frameworks */,
				72926AC41F9FDA1600A8BCA5 /* ParticleSDK.framework in Frameworks */,
			);
			runOnlyForDeploymentPostprocessing = 0;
		};
		727770D31F9FD7E9004F2241 /* Frameworks */ = {
			isa = PBXFrameworksBuildPhase;
			buildActionMask = 2147483647;
			files = (
				624FB15DB7EB3B1B0FD0CCDD /* Pods_AutomotiveScanToolTests.framework in Frameworks */,
			);
			runOnlyForDeploymentPostprocessing = 0;
		};
		727770DE1F9FD7E9004F2241 /* Frameworks */ = {
			isa = PBXFrameworksBuildPhase;
			buildActionMask = 2147483647;
			files = (
				E1E991B8B53FB1AB24BE0217 /* Pods_AutomotiveScanToolUITests.framework in Frameworks */,
			);
			runOnlyForDeploymentPostprocessing = 0;
		};
/* End PBXFrameworksBuildPhase section */

/* Begin PBXGroup section */
		727770B91F9FD7E9004F2241 = {
			isa = PBXGroup;
			children = (
				72926ACD1F9FDA6600A8BCA5 /* AFNetworking.framework.dSYM */,
				72926ACB1F9FDA5E00A8BCA5 /* ParticleSDK.framework.dSYM */,
				72926AC71F9FDA1D00A8BCA5 /* AFNetworking.framework */,
				72926AC31F9FDA1600A8BCA5 /* ParticleSDK.framework */,
				727770C41F9FD7E9004F2241 /* AutomotiveScanTool */,
				727770D91F9FD7E9004F2241 /* AutomotiveScanToolTests */,
				727770E41F9FD7E9004F2241 /* AutomotiveScanToolUITests */,
				727770C31F9FD7E9004F2241 /* Products */,
				9FD834E6F99FBFBB52BBDF14 /* Pods */,
				85857947F9D5608C93F3B7FC /* Frameworks */,
			);
			sourceTree = "<group>";
		};
		727770C31F9FD7E9004F2241 /* Products */ = {
			isa = PBXGroup;
			children = (
				727770C21F9FD7E9004F2241 /* AutomotiveScanTool.app */,
				727770D61F9FD7E9004F2241 /* AutomotiveScanToolTests.xctest */,
				727770E11F9FD7E9004F2241 /* AutomotiveScanToolUITests.xctest */,
			);
			name = Products;
			sourceTree = "<group>";
		};
		727770C41F9FD7E9004F2241 /* AutomotiveScanTool */ = {
			isa = PBXGroup;
			children = (
				727770CC1F9FD7E9004F2241 /* Assets.xcassets */,
				729E64C21FBB3EAB00246B0C /* AST Logo.png */,
				729E64C41FBB3EAC00246B0C /* chevy-suburban.png */,
				729E64C31FBB3EAC00246B0C /* kia-optima.jpg */,
				729E64C11FBB3EAB00246B0C /* Particle-Logo.png */,
				F853197B1FA7A6440065B2EC /* AppDelegate.swift */,
				72C09E4D1FC0B65F003BD0A0 /* ASTInfo.swift */,
				725D2D7D1FBA4F6500B21143 /* CustomSegue.swift */,
				72FC571B1FB4166C0005FD04 /* DeviceTableViewCell.swift */,
				F83EDAD51FBE2DAD0045079D /* CodesTableViewCell.swift */,
				729E0D361FB1310C00BA4CCE /* LoadingHud.swift */,
				729E0D381FB1319100BA4CCE /* ParticleUtils.swift */,
				727770F41F9FD881004F2241 /* VinRequest.swift */,
				727770C91F9FD7E9004F2241 /* Main.storyboard */,
				727770CE1F9FD7E9004F2241 /* LaunchScreen.storyboard */,
				72E71BFA1FBCA44A00BEBA9D /* CodeHistoryViewController.swift */,
				727770F51F9FD881004F2241 /* DeviceViewController.swift */,
				727770F91F9FD882004F2241 /* LoginViewController.swift */,
				F853197D1FA7A6550065B2EC /* MainMenuViewController.swift */,
				72BFF8891FBCEF7A008A0265 /* RCViewController.swift */,
				F842895C1FCE2D4B00048737 /* StatusCell.swift */,
				F83EDAD11FBCB0980045079D /* ReadCodesViewController.swift */,
				727770F61F9FD881004F2241 /* VInfoViewController.swift */,
				727770F31F9FD880004F2241 /* UIViewExtension.swift */,
				720D8E4B1F9FE10100DAF53E /* GoogleService-Info.plist */,
				727770D11F9FD7E9004F2241 /* Info.plist */,
			);
			path = AutomotiveScanTool;
			sourceTree = "<group>";
		};
		727770D91F9FD7E9004F2241 /* AutomotiveScanToolTests */ = {
			isa = PBXGroup;
			children = (
				727770DA1F9FD7E9004F2241 /* AutomotiveScanToolTests.swift */,
				727770DC1F9FD7E9004F2241 /* Info.plist */,
			);
			path = AutomotiveScanToolTests;
			sourceTree = "<group>";
		};
		727770E41F9FD7E9004F2241 /* AutomotiveScanToolUITests */ = {
			isa = PBXGroup;
			children = (
				727770E51F9FD7E9004F2241 /* AutomotiveScanToolUITests.swift */,
				727770E71F9FD7E9004F2241 /* Info.plist */,
			);
			path = AutomotiveScanToolUITests;
			sourceTree = "<group>";
		};
		85857947F9D5608C93F3B7FC /* Frameworks */ = {
			isa = PBXGroup;
			children = (
				51E8240C1EA87ED660AAE625 /* Pods_AutomotiveScanTool.framework */,
				2A646871F6ACECD0127A0221 /* Pods_AutomotiveScanToolTests.framework */,
				DE30ED95563C507B274AD8A1 /* Pods_AutomotiveScanToolUITests.framework */,
			);
			name = Frameworks;
			sourceTree = "<group>";
		};
		9FD834E6F99FBFBB52BBDF14 /* Pods */ = {
			isa = PBXGroup;
			children = (
				339CFCDB618861FB2FCFDCEB /* Pods-AutomotiveScanTool.debug.xcconfig */,
				C692D2A5BAEA437E271D551C /* Pods-AutomotiveScanTool.release.xcconfig */,
				E2BF0CC7F765CD4BE42C2738 /* Pods-AutomotiveScanToolTests.debug.xcconfig */,
				A07F900895DE522BA641694B /* Pods-AutomotiveScanToolTests.release.xcconfig */,
				E8DD77C21B8B553607C2FA81 /* Pods-AutomotiveScanToolUITests.debug.xcconfig */,
				154A6774E45C17166EA59671 /* Pods-AutomotiveScanToolUITests.release.xcconfig */,
			);
			name = Pods;
			sourceTree = "<group>";
		};
/* End PBXGroup section */

/* Begin PBXNativeTarget section */
		727770C11F9FD7E9004F2241 /* AutomotiveScanTool */ = {
			isa = PBXNativeTarget;
			buildConfigurationList = 727770EA1F9FD7E9004F2241 /* Build configuration list for PBXNativeTarget "AutomotiveScanTool" */;
			buildPhases = (
				A29B9DEC441CEA996ED2F8C3 /* [CP] Check Pods Manifest.lock */,
				727770BE1F9FD7E9004F2241 /* Sources */,
				727770BF1F9FD7E9004F2241 /* Frameworks */,
				727770C01F9FD7E9004F2241 /* Resources */,
				36215AB8EC235B457673CD00 /* [CP] Embed Pods Frameworks */,
				3C9299BD0998E2DBE1155D86 /* [CP] Copy Pods Resources */,
				72926ACF1F9FDABC00A8BCA5 /* ShellScript */,
			);
			buildRules = (
			);
			dependencies = (
			);
			name = AutomotiveScanTool;
			productName = AutomotiveScanTool;
			productReference = 727770C21F9FD7E9004F2241 /* AutomotiveScanTool.app */;
			productType = "com.apple.product-type.application";
		};
		727770D51F9FD7E9004F2241 /* AutomotiveScanToolTests */ = {
			isa = PBXNativeTarget;
			buildConfigurationList = 727770ED1F9FD7E9004F2241 /* Build configuration list for PBXNativeTarget "AutomotiveScanToolTests" */;
			buildPhases = (
				4EB88FA713649370D8DB5AA1 /* [CP] Check Pods Manifest.lock */,
				727770D21F9FD7E9004F2241 /* Sources */,
				727770D31F9FD7E9004F2241 /* Frameworks */,
				727770D41F9FD7E9004F2241 /* Resources */,
				4F782BF3BE97D86056F9BB72 /* [CP] Embed Pods Frameworks */,
				761B5F3D45F049AF3C0A2FF6 /* [CP] Copy Pods Resources */,
			);
			buildRules = (
			);
			dependencies = (
				727770D81F9FD7E9004F2241 /* PBXTargetDependency */,
			);
			name = AutomotiveScanToolTests;
			productName = AutomotiveScanToolTests;
			productReference = 727770D61F9FD7E9004F2241 /* AutomotiveScanToolTests.xctest */;
			productType = "com.apple.product-type.bundle.unit-test";
		};
		727770E01F9FD7E9004F2241 /* AutomotiveScanToolUITests */ = {
			isa = PBXNativeTarget;
			buildConfigurationList = 727770F01F9FD7E9004F2241 /* Build configuration list for PBXNativeTarget "AutomotiveScanToolUITests" */;
			buildPhases = (
				17FEB42B97B3A54048EB9539 /* [CP] Check Pods Manifest.lock */,
				727770DD1F9FD7E9004F2241 /* Sources */,
				727770DE1F9FD7E9004F2241 /* Frameworks */,
				727770DF1F9FD7E9004F2241 /* Resources */,
				CAB5EED3754EA21D2E3166BB /* [CP] Embed Pods Frameworks */,
				248677216FD5439D76DD1FDE /* [CP] Copy Pods Resources */,
			);
			buildRules = (
			);
			dependencies = (
				727770E31F9FD7E9004F2241 /* PBXTargetDependency */,
			);
			name = AutomotiveScanToolUITests;
			productName = AutomotiveScanToolUITests;
			productReference = 727770E11F9FD7E9004F2241 /* AutomotiveScanToolUITests.xctest */;
			productType = "com.apple.product-type.bundle.ui-testing";
		};
/* End PBXNativeTarget section */

/* Begin PBXProject section */
		727770BA1F9FD7E9004F2241 /* Project object */ = {
			isa = PBXProject;
			attributes = {
				LastSwiftUpdateCheck = 0900;
				LastUpgradeCheck = 0900;
				ORGANIZATIONNAME = "James Hall";
				TargetAttributes = {
					727770C11F9FD7E9004F2241 = {
						CreatedOnToolsVersion = 9.0;
						ProvisioningStyle = Automatic;
					};
					727770D51F9FD7E9004F2241 = {
						CreatedOnToolsVersion = 9.0;
						ProvisioningStyle = Automatic;
						TestTargetID = 727770C11F9FD7E9004F2241;
					};
					727770E01F9FD7E9004F2241 = {
						CreatedOnToolsVersion = 9.0;
						ProvisioningStyle = Automatic;
						TestTargetID = 727770C11F9FD7E9004F2241;
					};
				};
			};
			buildConfigurationList = 727770BD1F9FD7E9004F2241 /* Build configuration list for PBXProject "AutomotiveScanTool" */;
			compatibilityVersion = "Xcode 8.0";
			developmentRegion = en;
			hasScannedForEncodings = 0;
			knownRegions = (
				en,
				Base,
			);
			mainGroup = 727770B91F9FD7E9004F2241;
			productRefGroup = 727770C31F9FD7E9004F2241 /* Products */;
			projectDirPath = "";
			projectRoot = "";
			targets = (
				727770C11F9FD7E9004F2241 /* AutomotiveScanTool */,
				727770D51F9FD7E9004F2241 /* AutomotiveScanToolTests */,
				727770E01F9FD7E9004F2241 /* AutomotiveScanToolUITests */,
			);
		};
/* End PBXProject section */

/* Begin PBXResourcesBuildPhase section */
		727770C01F9FD7E9004F2241 /* Resources */ = {
			isa = PBXResourcesBuildPhase;
			buildActionMask = 2147483647;
			files = (
				729E64C61FBB3EAC00246B0C /* AST Logo.png in Resources */,
				727770D01F9FD7E9004F2241 /* LaunchScreen.storyboard in Resources */,
				720D8E4C1F9FE10100DAF53E /* GoogleService-Info.plist in Resources */,
				729E64C81FBB3EAC00246B0C /* chevy-suburban.png in Resources */,
				727770CD1F9FD7E9004F2241 /* Assets.xcassets in Resources */,
				727770CB1F9FD7E9004F2241 /* Main.storyboard in Resources */,
				729E64C71FBB3EAC00246B0C /* kia-optima.jpg in Resources */,
				729E64C51FBB3EAC00246B0C /* Particle-Logo.png in Resources */,
			);
			runOnlyForDeploymentPostprocessing = 0;
		};
		727770D41F9FD7E9004F2241 /* Resources */ = {
			isa = PBXResourcesBuildPhase;
			buildActionMask = 2147483647;
			files = (
			);
			runOnlyForDeploymentPostprocessing = 0;
		};
		727770DF1F9FD7E9004F2241 /* Resources */ = {
			isa = PBXResourcesBuildPhase;
			buildActionMask = 2147483647;
			files = (
			);
			runOnlyForDeploymentPostprocessing = 0;
		};
/* End PBXResourcesBuildPhase section */

/* Begin PBXShellScriptBuildPhase section */
		17FEB42B97B3A54048EB9539 /* [CP] Check Pods Manifest.lock */ = {
			isa = PBXShellScriptBuildPhase;
			buildActionMask = 2147483647;
			files = (
			);
			inputPaths = (
				"${PODS_PODFILE_DIR_PATH}/Podfile.lock",
				"${PODS_ROOT}/Manifest.lock",
			);
			name = "[CP] Check Pods Manifest.lock";
			outputPaths = (
				"$(DERIVED_FILE_DIR)/Pods-AutomotiveScanToolUITests-checkManifestLockResult.txt",
			);
			runOnlyForDeploymentPostprocessing = 0;
			shellPath = /bin/sh;
			shellScript = "diff \"${PODS_PODFILE_DIR_PATH}/Podfile.lock\" \"${PODS_ROOT}/Manifest.lock\" > /dev/null\nif [ $? != 0 ] ; then\n    # print error to STDERR\n    echo \"error: The sandbox is not in sync with the Podfile.lock. Run 'pod install' or update your CocoaPods installation.\" >&2\n    exit 1\nfi\n# This output is used by Xcode 'outputs' to avoid re-running this script phase.\necho \"SUCCESS\" > \"${SCRIPT_OUTPUT_FILE_0}\"\n";
			showEnvVarsInLog = 0;
		};
		248677216FD5439D76DD1FDE /* [CP] Copy Pods Resources */ = {
			isa = PBXShellScriptBuildPhase;
			buildActionMask = 2147483647;
			files = (
			);
			inputPaths = (
			);
			name = "[CP] Copy Pods Resources";
			outputPaths = (
			);
			runOnlyForDeploymentPostprocessing = 0;
			shellPath = /bin/sh;
			shellScript = "\"${SRCROOT}/Pods/Target Support Files/Pods-AutomotiveScanToolUITests/Pods-AutomotiveScanToolUITests-resources.sh\"\n";
			showEnvVarsInLog = 0;
		};
		36215AB8EC235B457673CD00 /* [CP] Embed Pods Frameworks */ = {
			isa = PBXShellScriptBuildPhase;
			buildActionMask = 2147483647;
			files = (
			);
			inputPaths = (
				"${SRCROOT}/Pods/Target Support Files/Pods-AutomotiveScanTool/Pods-AutomotiveScanTool-frameworks.sh",
				"${BUILT_PRODUCTS_DIR}/Alamofire/Alamofire.framework",
				"${BUILT_PRODUCTS_DIR}/AwaitKit/AwaitKit.framework",
				"${BUILT_PRODUCTS_DIR}/CollapsibleTableSectionViewController/CollapsibleTableSectionViewController.framework",
				"${BUILT_PRODUCTS_DIR}/Font-Awesome-Swift/Font_Awesome_Swift.framework",
				"${BUILT_PRODUCTS_DIR}/GTMSessionFetcher/GTMSessionFetcher.framework",
				"${BUILT_PRODUCTS_DIR}/GoogleToolboxForMac/GoogleToolboxForMac.framework",
				"${BUILT_PRODUCTS_DIR}/Hero/Hero.framework",
				"${BUILT_PRODUCTS_DIR}/MBProgressHUD/MBProgressHUD.framework",
				"${BUILT_PRODUCTS_DIR}/PromiseKit/PromiseKit.framework",
				"${BUILT_PRODUCTS_DIR}/SwiftyJSON/SwiftyJSON.framework",
				"${BUILT_PRODUCTS_DIR}/ZAlertView/ZAlertView.framework",
				"${BUILT_PRODUCTS_DIR}/leveldb-library/leveldb.framework",
				"${BUILT_PRODUCTS_DIR}/nanopb/nanopb.framework",
			);
			name = "[CP] Embed Pods Frameworks";
			outputPaths = (
				"${TARGET_BUILD_DIR}/${FRAMEWORKS_FOLDER_PATH}/Alamofire.framework",
				"${TARGET_BUILD_DIR}/${FRAMEWORKS_FOLDER_PATH}/AwaitKit.framework",
				"${TARGET_BUILD_DIR}/${FRAMEWORKS_FOLDER_PATH}/CollapsibleTableSectionViewController.framework",
				"${TARGET_BUILD_DIR}/${FRAMEWORKS_FOLDER_PATH}/Font_Awesome_Swift.framework",
				"${TARGET_BUILD_DIR}/${FRAMEWORKS_FOLDER_PATH}/GTMSessionFetcher.framework",
				"${TARGET_BUILD_DIR}/${FRAMEWORKS_FOLDER_PATH}/GoogleToolboxForMac.framework",
				"${TARGET_BUILD_DIR}/${FRAMEWORKS_FOLDER_PATH}/Hero.framework",
				"${TARGET_BUILD_DIR}/${FRAMEWORKS_FOLDER_PATH}/MBProgressHUD.framework",
				"${TARGET_BUILD_DIR}/${FRAMEWORKS_FOLDER_PATH}/PromiseKit.framework",
				"${TARGET_BUILD_DIR}/${FRAMEWORKS_FOLDER_PATH}/SwiftyJSON.framework",
				"${TARGET_BUILD_DIR}/${FRAMEWORKS_FOLDER_PATH}/ZAlertView.framework",
				"${TARGET_BUILD_DIR}/${FRAMEWORKS_FOLDER_PATH}/leveldb.framework",
				"${TARGET_BUILD_DIR}/${FRAMEWORKS_FOLDER_PATH}/nanopb.framework",
			);
			runOnlyForDeploymentPostprocessing = 0;
			shellPath = /bin/sh;
			shellScript = "\"${SRCROOT}/Pods/Target Support Files/Pods-AutomotiveScanTool/Pods-AutomotiveScanTool-frameworks.sh\"\n";
			showEnvVarsInLog = 0;
		};
		3C9299BD0998E2DBE1155D86 /* [CP] Copy Pods Resources */ = {
			isa = PBXShellScriptBuildPhase;
			buildActionMask = 2147483647;
			files = (
			);
			inputPaths = (
			);
			name = "[CP] Copy Pods Resources";
			outputPaths = (
			);
			runOnlyForDeploymentPostprocessing = 0;
			shellPath = /bin/sh;
			shellScript = "\"${SRCROOT}/Pods/Target Support Files/Pods-AutomotiveScanTool/Pods-AutomotiveScanTool-resources.sh\"\n";
			showEnvVarsInLog = 0;
		};
		4EB88FA713649370D8DB5AA1 /* [CP] Check Pods Manifest.lock */ = {
			isa = PBXShellScriptBuildPhase;
			buildActionMask = 2147483647;
			files = (
			);
			inputPaths = (
				"${PODS_PODFILE_DIR_PATH}/Podfile.lock",
				"${PODS_ROOT}/Manifest.lock",
			);
			name = "[CP] Check Pods Manifest.lock";
			outputPaths = (
				"$(DERIVED_FILE_DIR)/Pods-AutomotiveScanToolTests-checkManifestLockResult.txt",
			);
			runOnlyForDeploymentPostprocessing = 0;
			shellPath = /bin/sh;
			shellScript = "diff \"${PODS_PODFILE_DIR_PATH}/Podfile.lock\" \"${PODS_ROOT}/Manifest.lock\" > /dev/null\nif [ $? != 0 ] ; then\n    # print error to STDERR\n    echo \"error: The sandbox is not in sync with the Podfile.lock. Run 'pod install' or update your CocoaPods installation.\" >&2\n    exit 1\nfi\n# This output is used by Xcode 'outputs' to avoid re-running this script phase.\necho \"SUCCESS\" > \"${SCRIPT_OUTPUT_FILE_0}\"\n";
			showEnvVarsInLog = 0;
		};
		4F782BF3BE97D86056F9BB72 /* [CP] Embed Pods Frameworks */ = {
			isa = PBXShellScriptBuildPhase;
			buildActionMask = 2147483647;
			files = (
			);
			inputPaths = (
			);
			name = "[CP] Embed Pods Frameworks";
			outputPaths = (
			);
			runOnlyForDeploymentPostprocessing = 0;
			shellPath = /bin/sh;
			shellScript = "\"${SRCROOT}/Pods/Target Support Files/Pods-AutomotiveScanToolTests/Pods-AutomotiveScanToolTests-frameworks.sh\"\n";
			showEnvVarsInLog = 0;
		};
		72926ACF1F9FDABC00A8BCA5 /* ShellScript */ = {
			isa = PBXShellScriptBuildPhase;
			buildActionMask = 2147483647;
			files = (
			);
			inputPaths = (
				"$(SRCROOT)/Carthage/Build/iOS/AFNetworking.framework",
				"$(SRCROOT)/Carthage/Build/iOS/ParticleSDK.framework",
			);
			outputPaths = (
				"$(BUILT_PRODUCTS_DIR)/$(FRAMEWORKS_FOLDER_PATH)/AFNetworking.framework",
				"$(BUILT_PRODUCTS_DIR)/$(FRAMEWORKS_FOLDER_PATH)/ParticleSDK.framework",
			);
			runOnlyForDeploymentPostprocessing = 0;
			shellPath = /bin/sh;
			shellScript = "/usr/local/bin/carthage copy-frameworks";
		};
		761B5F3D45F049AF3C0A2FF6 /* [CP] Copy Pods Resources */ = {
			isa = PBXShellScriptBuildPhase;
			buildActionMask = 2147483647;
			files = (
			);
			inputPaths = (
			);
			name = "[CP] Copy Pods Resources";
			outputPaths = (
			);
			runOnlyForDeploymentPostprocessing = 0;
			shellPath = /bin/sh;
			shellScript = "\"${SRCROOT}/Pods/Target Support Files/Pods-AutomotiveScanToolTests/Pods-AutomotiveScanToolTests-resources.sh\"\n";
			showEnvVarsInLog = 0;
		};
		A29B9DEC441CEA996ED2F8C3 /* [CP] Check Pods Manifest.lock */ = {
			isa = PBXShellScriptBuildPhase;
			buildActionMask = 2147483647;
			files = (
			);
			inputPaths = (
				"${PODS_PODFILE_DIR_PATH}/Podfile.lock",
				"${PODS_ROOT}/Manifest.lock",
			);
			name = "[CP] Check Pods Manifest.lock";
			outputPaths = (
				"$(DERIVED_FILE_DIR)/Pods-AutomotiveScanTool-checkManifestLockResult.txt",
			);
			runOnlyForDeploymentPostprocessing = 0;
			shellPath = /bin/sh;
			shellScript = "diff \"${PODS_PODFILE_DIR_PATH}/Podfile.lock\" \"${PODS_ROOT}/Manifest.lock\" > /dev/null\nif [ $? != 0 ] ; then\n    # print error to STDERR\n    echo \"error: The sandbox is not in sync with the Podfile.lock. Run 'pod install' or update your CocoaPods installation.\" >&2\n    exit 1\nfi\n# This output is used by Xcode 'outputs' to avoid re-running this script phase.\necho \"SUCCESS\" > \"${SCRIPT_OUTPUT_FILE_0}\"\n";
			showEnvVarsInLog = 0;
		};
		CAB5EED3754EA21D2E3166BB /* [CP] Embed Pods Frameworks */ = {
			isa = PBXShellScriptBuildPhase;
			buildActionMask = 2147483647;
			files = (
			);
			inputPaths = (
			);
			name = "[CP] Embed Pods Frameworks";
			outputPaths = (
			);
			runOnlyForDeploymentPostprocessing = 0;
			shellPath = /bin/sh;
			shellScript = "\"${SRCROOT}/Pods/Target Support Files/Pods-AutomotiveScanToolUITests/Pods-AutomotiveScanToolUITests-frameworks.sh\"\n";
			showEnvVarsInLog = 0;
		};
/* End PBXShellScriptBuildPhase section */

/* Begin PBXSourcesBuildPhase section */
		727770BE1F9FD7E9004F2241 /* Sources */ = {
			isa = PBXSourcesBuildPhase;
			buildActionMask = 2147483647;
			files = (
				725D2D7E1FBA4F6500B21143 /* CustomSegue.swift in Sources */,
				729E0D391FB1319100BA4CCE /* ParticleUtils.swift in Sources */,
				72E71BFB1FBCA44A00BEBA9D /* CodeHistoryViewController.swift in Sources */,
				F853197C1FA7A6440065B2EC /* AppDelegate.swift in Sources */,
				F842895D1FCE2D4B00048737 /* StatusCell.swift in Sources */,
				727771001F9FD882004F2241 /* LoginViewController.swift in Sources */,
				727770FA1F9FD882004F2241 /* UIViewExtension.swift in Sources */,
				F83EDAD61FBE2DAD0045079D /* CodesTableViewCell.swift in Sources */,
				729E0D371FB1310C00BA4CCE /* LoadingHud.swift in Sources */,
				F83EDAD21FBCB0980045079D /* ReadCodesViewController.swift in Sources */,
				72FC571C1FB4166C0005FD04 /* DeviceTableViewCell.swift in Sources */,
				72BFF88A1FBCEF7A008A0265 /* RCViewController.swift in Sources */,
				727770FB1F9FD882004F2241 /* VinRequest.swift in Sources */,
				72C09E4E1FC0B65F003BD0A0 /* ASTInfo.swift in Sources */,
				F853197E1FA7A6550065B2EC /* MainMenuViewController.swift in Sources */,
				727770FC1F9FD882004F2241 /* DeviceViewController.swift in Sources */,
				727770FD1F9FD882004F2241 /* VInfoViewController.swift in Sources */,
			);
			runOnlyForDeploymentPostprocessing = 0;
		};
		727770D21F9FD7E9004F2241 /* Sources */ = {
			isa = PBXSourcesBuildPhase;
			buildActionMask = 2147483647;
			files = (
				727770DB1F9FD7E9004F2241 /* AutomotiveScanToolTests.swift in Sources */,
			);
			runOnlyForDeploymentPostprocessing = 0;
		};
		727770DD1F9FD7E9004F2241 /* Sources */ = {
			isa = PBXSourcesBuildPhase;
			buildActionMask = 2147483647;
			files = (
				727770E61F9FD7E9004F2241 /* AutomotiveScanToolUITests.swift in Sources */,
			);
			runOnlyForDeploymentPostprocessing = 0;
		};
/* End PBXSourcesBuildPhase section */

/* Begin PBXTargetDependency section */
		727770D81F9FD7E9004F2241 /* PBXTargetDependency */ = {
			isa = PBXTargetDependency;
			target = 727770C11F9FD7E9004F2241 /* AutomotiveScanTool */;
			targetProxy = 727770D71F9FD7E9004F2241 /* PBXContainerItemProxy */;
		};
		727770E31F9FD7E9004F2241 /* PBXTargetDependency */ = {
			isa = PBXTargetDependency;
			target = 727770C11F9FD7E9004F2241 /* AutomotiveScanTool */;
			targetProxy = 727770E21F9FD7E9004F2241 /* PBXContainerItemProxy */;
		};
/* End PBXTargetDependency section */

/* Begin PBXVariantGroup section */
		727770C91F9FD7E9004F2241 /* Main.storyboard */ = {
			isa = PBXVariantGroup;
			children = (
				727770CA1F9FD7E9004F2241 /* Base */,
			);
			name = Main.storyboard;
			sourceTree = "<group>";
		};
		727770CE1F9FD7E9004F2241 /* LaunchScreen.storyboard */ = {
			isa = PBXVariantGroup;
			children = (
				727770CF1F9FD7E9004F2241 /* Base */,
			);
			name = LaunchScreen.storyboard;
			sourceTree = "<group>";
		};
/* End PBXVariantGroup section */

/* Begin XCBuildConfiguration section */
		727770E81F9FD7E9004F2241 /* Debug */ = {
			isa = XCBuildConfiguration;
			buildSettings = {
				ALWAYS_SEARCH_USER_PATHS = YES;
				CLANG_ANALYZER_NONNULL = YES;
				CLANG_ANALYZER_NUMBER_OBJECT_CONVERSION = YES_AGGRESSIVE;
				CLANG_CXX_LANGUAGE_STANDARD = "gnu++14";
				CLANG_CXX_LIBRARY = "libc++";
				CLANG_ENABLE_MODULES = YES;
				CLANG_ENABLE_OBJC_ARC = YES;
				CLANG_WARN_BLOCK_CAPTURE_AUTORELEASING = YES;
				CLANG_WARN_BOOL_CONVERSION = YES;
				CLANG_WARN_COMMA = YES;
				CLANG_WARN_CONSTANT_CONVERSION = YES;
				CLANG_WARN_DIRECT_OBJC_ISA_USAGE = YES_ERROR;
				CLANG_WARN_DOCUMENTATION_COMMENTS = YES;
				CLANG_WARN_EMPTY_BODY = YES;
				CLANG_WARN_ENUM_CONVERSION = YES;
				CLANG_WARN_INFINITE_RECURSION = YES;
				CLANG_WARN_INT_CONVERSION = YES;
				CLANG_WARN_NON_LITERAL_NULL_CONVERSION = YES;
				CLANG_WARN_OBJC_LITERAL_CONVERSION = YES;
				CLANG_WARN_OBJC_ROOT_CLASS = YES_ERROR;
				CLANG_WARN_RANGE_LOOP_ANALYSIS = YES;
				CLANG_WARN_STRICT_PROTOTYPES = YES;
				CLANG_WARN_SUSPICIOUS_MOVE = YES;
				CLANG_WARN_UNGUARDED_AVAILABILITY = YES_AGGRESSIVE;
				CLANG_WARN_UNREACHABLE_CODE = YES;
				CLANG_WARN__DUPLICATE_METHOD_MATCH = YES;
				CODE_SIGN_IDENTITY = "iPhone Developer";
				COPY_PHASE_STRIP = NO;
				DEBUG_INFORMATION_FORMAT = dwarf;
				ENABLE_STRICT_OBJC_MSGSEND = YES;
				ENABLE_TESTABILITY = YES;
				GCC_C_LANGUAGE_STANDARD = gnu11;
				GCC_DYNAMIC_NO_PIC = NO;
				GCC_NO_COMMON_BLOCKS = YES;
				GCC_OPTIMIZATION_LEVEL = 0;
				GCC_PREPROCESSOR_DEFINITIONS = (
					"DEBUG=1",
					"$(inherited)",
				);
				GCC_WARN_64_TO_32_BIT_CONVERSION = YES;
				GCC_WARN_ABOUT_RETURN_TYPE = YES_ERROR;
				GCC_WARN_UNDECLARED_SELECTOR = YES;
				GCC_WARN_UNINITIALIZED_AUTOS = YES_AGGRESSIVE;
				GCC_WARN_UNUSED_FUNCTION = YES;
				GCC_WARN_UNUSED_VARIABLE = YES;
				IPHONEOS_DEPLOYMENT_TARGET = 11.0;
				MTL_ENABLE_DEBUG_INFO = YES;
				ONLY_ACTIVE_ARCH = YES;
				SDKROOT = iphoneos;
				SWIFT_ACTIVE_COMPILATION_CONDITIONS = DEBUG;
				SWIFT_OPTIMIZATION_LEVEL = "-Onone";
				SWIFT_SUPPRESS_WARNINGS = YES;
			};
			name = Debug;
		};
		727770E91F9FD7E9004F2241 /* Release */ = {
			isa = XCBuildConfiguration;
			buildSettings = {
				ALWAYS_SEARCH_USER_PATHS = YES;
				CLANG_ANALYZER_NONNULL = YES;
				CLANG_ANALYZER_NUMBER_OBJECT_CONVERSION = YES_AGGRESSIVE;
				CLANG_CXX_LANGUAGE_STANDARD = "gnu++14";
				CLANG_CXX_LIBRARY = "libc++";
				CLANG_ENABLE_MODULES = YES;
				CLANG_ENABLE_OBJC_ARC = YES;
				CLANG_WARN_BLOCK_CAPTURE_AUTORELEASING = YES;
				CLANG_WARN_BOOL_CONVERSION = YES;
				CLANG_WARN_COMMA = YES;
				CLANG_WARN_CONSTANT_CONVERSION = YES;
				CLANG_WARN_DIRECT_OBJC_ISA_USAGE = YES_ERROR;
				CLANG_WARN_DOCUMENTATION_COMMENTS = YES;
				CLANG_WARN_EMPTY_BODY = YES;
				CLANG_WARN_ENUM_CONVERSION = YES;
				CLANG_WARN_INFINITE_RECURSION = YES;
				CLANG_WARN_INT_CONVERSION = YES;
				CLANG_WARN_NON_LITERAL_NULL_CONVERSION = YES;
				CLANG_WARN_OBJC_LITERAL_CONVERSION = YES;
				CLANG_WARN_OBJC_ROOT_CLASS = YES_ERROR;
				CLANG_WARN_RANGE_LOOP_ANALYSIS = YES;
				CLANG_WARN_STRICT_PROTOTYPES = YES;
				CLANG_WARN_SUSPICIOUS_MOVE = YES;
				CLANG_WARN_UNGUARDED_AVAILABILITY = YES_AGGRESSIVE;
				CLANG_WARN_UNREACHABLE_CODE = YES;
				CLANG_WARN__DUPLICATE_METHOD_MATCH = YES;
				CODE_SIGN_IDENTITY = "iPhone Developer";
				COPY_PHASE_STRIP = NO;
				DEBUG_INFORMATION_FORMAT = "dwarf-with-dsym";
				ENABLE_NS_ASSERTIONS = NO;
				ENABLE_STRICT_OBJC_MSGSEND = YES;
				GCC_C_LANGUAGE_STANDARD = gnu11;
				GCC_NO_COMMON_BLOCKS = YES;
				GCC_WARN_64_TO_32_BIT_CONVERSION = YES;
				GCC_WARN_ABOUT_RETURN_TYPE = YES_ERROR;
				GCC_WARN_UNDECLARED_SELECTOR = YES;
				GCC_WARN_UNINITIALIZED_AUTOS = YES_AGGRESSIVE;
				GCC_WARN_UNUSED_FUNCTION = YES;
				GCC_WARN_UNUSED_VARIABLE = YES;
				IPHONEOS_DEPLOYMENT_TARGET = 11.0;
				MTL_ENABLE_DEBUG_INFO = NO;
				SDKROOT = iphoneos;
				SWIFT_OPTIMIZATION_LEVEL = "-Owholemodule";
				SWIFT_SUPPRESS_WARNINGS = YES;
				VALIDATE_PRODUCT = YES;
			};
			name = Release;
		};
		727770EB1F9FD7E9004F2241 /* Debug */ = {
			isa = XCBuildConfiguration;
			baseConfigurationReference = 339CFCDB618861FB2FCFDCEB /* Pods-AutomotiveScanTool.debug.xcconfig */;
			buildSettings = {
				ASSETCATALOG_COMPILER_APPICON_NAME = AppIcon;
				CODE_SIGN_STYLE = Automatic;
				DEVELOPMENT_TEAM = 4U642UQEDA;
				FRAMEWORK_SEARCH_PATHS = (
					"$(inherited)",
					"$(PROJECT_DIR)/Carthage/Build/iOS",
					"$(SRCROOT)/**",
				);
				"FRAMEWORK_SEARCH_PATHS[arch=*]" = (
					"$(inherited)",
					"$(PROJECT_DIR)/$(SRCROOT)/**",
				);
				GCC_OPTIMIZATION_LEVEL = s;
				INFOPLIST_FILE = AutomotiveScanTool/Info.plist;
				IPHONEOS_DEPLOYMENT_TARGET = 11.0;
				LD_RUNPATH_SEARCH_PATHS = "$(inherited) @executable_path/Frameworks";
				PRODUCT_BUNDLE_IDENTIFIER = com.OP.AutomotiveScanTool;
				PRODUCT_NAME = "$(TARGET_NAME)";
				SWIFT_OPTIMIZATION_LEVEL = "-O";
				SWIFT_VERSION = 4.0;
				TARGETED_DEVICE_FAMILY = "1,2";
			};
			name = Debug;
		};
		727770EC1F9FD7E9004F2241 /* Release */ = {
			isa = XCBuildConfiguration;
			baseConfigurationReference = C692D2A5BAEA437E271D551C /* Pods-AutomotiveScanTool.release.xcconfig */;
			buildSettings = {
				ASSETCATALOG_COMPILER_APPICON_NAME = AppIcon;
				CODE_SIGN_STYLE = Automatic;
				DEVELOPMENT_TEAM = 4U642UQEDA;
				FRAMEWORK_SEARCH_PATHS = (
					"$(inherited)",
					"$(PROJECT_DIR)/Carthage/Build/iOS",
				);
				GCC_OPTIMIZATION_LEVEL = 2;
				INFOPLIST_FILE = AutomotiveScanTool/Info.plist;
				IPHONEOS_DEPLOYMENT_TARGET = 11.0;
				LD_RUNPATH_SEARCH_PATHS = "$(inherited) @executable_path/Frameworks";
				PRODUCT_BUNDLE_IDENTIFIER = com.OP.AutomotiveScanTool;
				PRODUCT_NAME = "$(TARGET_NAME)";
				SWIFT_OPTIMIZATION_LEVEL = "-O";
				SWIFT_VERSION = 4.0;
				TARGETED_DEVICE_FAMILY = "1,2";
			};
			name = Release;
		};
		727770EE1F9FD7E9004F2241 /* Debug */ = {
			isa = XCBuildConfiguration;
			baseConfigurationReference = E2BF0CC7F765CD4BE42C2738 /* Pods-AutomotiveScanToolTests.debug.xcconfig */;
			buildSettings = {
				ALWAYS_EMBED_SWIFT_STANDARD_LIBRARIES = YES;
				BUNDLE_LOADER = "$(TEST_HOST)";
				CODE_SIGN_STYLE = Automatic;
				INFOPLIST_FILE = AutomotiveScanToolTests/Info.plist;
				LD_RUNPATH_SEARCH_PATHS = "$(inherited) @executable_path/Frameworks @loader_path/Frameworks";
				PRODUCT_BUNDLE_IDENTIFIER = OP.AutomotiveScanToolTests;
				PRODUCT_NAME = "$(TARGET_NAME)";
				SWIFT_VERSION = 4.0;
				TARGETED_DEVICE_FAMILY = "1,2";
				TEST_HOST = "$(BUILT_PRODUCTS_DIR)/AutomotiveScanTool.app/AutomotiveScanTool";
			};
			name = Debug;
		};
		727770EF1F9FD7E9004F2241 /* Release */ = {
			isa = XCBuildConfiguration;
			baseConfigurationReference = A07F900895DE522BA641694B /* Pods-AutomotiveScanToolTests.release.xcconfig */;
			buildSettings = {
				ALWAYS_EMBED_SWIFT_STANDARD_LIBRARIES = YES;
				BUNDLE_LOADER = "$(TEST_HOST)";
				CODE_SIGN_STYLE = Automatic;
				INFOPLIST_FILE = AutomotiveScanToolTests/Info.plist;
				LD_RUNPATH_SEARCH_PATHS = "$(inherited) @executable_path/Frameworks @loader_path/Frameworks";
				PRODUCT_BUNDLE_IDENTIFIER = OP.AutomotiveScanToolTests;
				PRODUCT_NAME = "$(TARGET_NAME)";
				SWIFT_VERSION = 4.0;
				TARGETED_DEVICE_FAMILY = "1,2";
				TEST_HOST = "$(BUILT_PRODUCTS_DIR)/AutomotiveScanTool.app/AutomotiveScanTool";
			};
			name = Release;
		};
		727770F11F9FD7E9004F2241 /* Debug */ = {
			isa = XCBuildConfiguration;
			baseConfigurationReference = E8DD77C21B8B553607C2FA81 /* Pods-AutomotiveScanToolUITests.debug.xcconfig */;
			buildSettings = {
				ALWAYS_EMBED_SWIFT_STANDARD_LIBRARIES = YES;
				CODE_SIGN_STYLE = Automatic;
				INFOPLIST_FILE = AutomotiveScanToolUITests/Info.plist;
				LD_RUNPATH_SEARCH_PATHS = "$(inherited) @executable_path/Frameworks @loader_path/Frameworks";
				PRODUCT_BUNDLE_IDENTIFIER = OP.AutomotiveScanToolUITests;
				PRODUCT_NAME = "$(TARGET_NAME)";
				SWIFT_VERSION = 4.0;
				TARGETED_DEVICE_FAMILY = "1,2";
				TEST_TARGET_NAME = AutomotiveScanTool;
			};
			name = Debug;
		};
		727770F21F9FD7E9004F2241 /* Release */ = {
			isa = XCBuildConfiguration;
			baseConfigurationReference = 154A6774E45C17166EA59671 /* Pods-AutomotiveScanToolUITests.release.xcconfig */;
			buildSettings = {
				ALWAYS_EMBED_SWIFT_STANDARD_LIBRARIES = YES;
				CODE_SIGN_STYLE = Automatic;
				INFOPLIST_FILE = AutomotiveScanToolUITests/Info.plist;
				LD_RUNPATH_SEARCH_PATHS = "$(inherited) @executable_path/Frameworks @loader_path/Frameworks";
				PRODUCT_BUNDLE_IDENTIFIER = OP.AutomotiveScanToolUITests;
				PRODUCT_NAME = "$(TARGET_NAME)";
				SWIFT_VERSION = 4.0;
				TARGETED_DEVICE_FAMILY = "1,2";
				TEST_TARGET_NAME = AutomotiveScanTool;
			};
			name = Release;
		};
/* End XCBuildConfiguration section */

/* Begin XCConfigurationList section */
		727770BD1F9FD7E9004F2241 /* Build configuration list for PBXProject "AutomotiveScanTool" */ = {
			isa = XCConfigurationList;
			buildConfigurations = (
				727770E81F9FD7E9004F2241 /* Debug */,
				727770E91F9FD7E9004F2241 /* Release */,
			);
			defaultConfigurationIsVisible = 0;
			defaultConfigurationName = Release;
		};
		727770EA1F9FD7E9004F2241 /* Build configuration list for PBXNativeTarget "AutomotiveScanTool" */ = {
			isa = XCConfigurationList;
			buildConfigurations = (
				727770EB1F9FD7E9004F2241 /* Debug */,
				727770EC1F9FD7E9004F2241 /* Release */,
			);
			defaultConfigurationIsVisible = 0;
			defaultConfigurationName = Release;
		};
		727770ED1F9FD7E9004F2241 /* Build configuration list for PBXNativeTarget "AutomotiveScanToolTests" */ = {
			isa = XCConfigurationList;
			buildConfigurations = (
				727770EE1F9FD7E9004F2241 /* Debug */,
				727770EF1F9FD7E9004F2241 /* Release */,
			);
			defaultConfigurationIsVisible = 0;
			defaultConfigurationName = Release;
		};
		727770F01F9FD7E9004F2241 /* Build configuration list for PBXNativeTarget "AutomotiveScanToolUITests" */ = {
			isa = XCConfigurationList;
			buildConfigurations = (
				727770F11F9FD7E9004F2241 /* Debug */,
				727770F21F9FD7E9004F2241 /* Release */,
			);
			defaultConfigurationIsVisible = 0;
			defaultConfigurationName = Release;
		};
/* End XCConfigurationList section */
	};
	rootObject = 727770BA1F9FD7E9004F2241 /* Project object */;
}
